
Microsoft Visual Studio Solution File, Format Version 12.00
# Visual Studio Version 17
VisualStudioVersion = 17.0.31903.59
MinimumVisualStudioVersion = 10.0.40219.1
Project("{FAE04EC0-301F-11D3-BF4B-00C04F79EFBC}") = "Hamal.Web", "src\Hamal.Web\Hamal.Web.csproj", "{CAEE77D3-DAA4-444D-BD2A-73BBBF992EB2}"
EndProject
Project("{2150E333-8FDC-42A3-9474-1A3956D46DE8}") = "src", "src", "{C24509E5-F4FD-4FBE-9C71-797641EFCABA}"
EndProject
Project("{2150E333-8FDC-42A3-9474-1A3956D46DE8}") = "solution items", "solution items", "{3BE4801D-142E-46EE-8F0B-98D29B8F7189}"
	ProjectSection(SolutionItems) = preProject
		.gitignore = .gitignore
		README.md = README.md
		docker-compose.yml = docker-compose.yml
		nginx.conf = nginx.conf
		.env = .env
		src\migration.sql = src\migration.sql
		src\drop.sql = src\drop.sql
	EndProjectSection
EndProject
Project("{FAE04EC0-301F-11D3-BF4B-00C04F79EFBC}") = "Hamal.Application", "src\Hamal.Application\Hamal.Application.csproj", "{90661D2A-EAE2-4087-B6E1-5B7A022EFC08}"
EndProject
Project("{FAE04EC0-301F-11D3-BF4B-00C04F79EFBC}") = "Hamal.Domain", "src\Hamal.Domain\Hamal.Domain.csproj", "{D6AEFD4D-B0FA-436A-A990-D993B462FDEB}"
EndProject
Project("{FAE04EC0-301F-11D3-BF4B-00C04F79EFBC}") = "Hamal.Infrastructure", "src\Hamal.Infrastructure\Hamal.Infrastructure.csproj", "{745B4AAE-F6C0-45D2-93AE-9247A8C4B1E8}"
EndProject
Global
	GlobalSection(SolutionConfigurationPlatforms) = preSolution
		Debug|Any CPU = Debug|Any CPU
		Release|Any CPU = Release|Any CPU
	EndGlobalSection
	GlobalSection(SolutionProperties) = preSolution
		HideSolutionNode = FALSE
	EndGlobalSection
	GlobalSection(ProjectConfigurationPlatforms) = postSolution
		{CAEE77D3-DAA4-444D-BD2A-73BBBF992EB2}.Debug|Any CPU.ActiveCfg = Debug|Any CPU
		{CAEE77D3-DAA4-444D-BD2A-73BBBF992EB2}.Debug|Any CPU.Build.0 = Debug|Any CPU
		{CAEE77D3-DAA4-444D-BD2A-73BBBF992EB2}.Release|Any CPU.ActiveCfg = Release|Any CPU
		{CAEE77D3-DAA4-444D-BD2A-73BBBF992EB2}.Release|Any CPU.Build.0 = Release|Any CPU
		{90661D2A-EAE2-4087-B6E1-5B7A022EFC08}.Debug|Any CPU.ActiveCfg = Debug|Any CPU
		{90661D2A-EAE2-4087-B6E1-5B7A022EFC08}.Debug|Any CPU.Build.0 = Debug|Any CPU
		{90661D2A-EAE2-4087-B6E1-5B7A022EFC08}.Release|Any CPU.ActiveCfg = Release|Any CPU
		{90661D2A-EAE2-4087-B6E1-5B7A022EFC08}.Release|Any CPU.Build.0 = Release|Any CPU
		{D6AEFD4D-B0FA-436A-A990-D993B462FDEB}.Debug|Any CPU.ActiveCfg = Debug|Any CPU
		{D6AEFD4D-B0FA-436A-A990-D993B462FDEB}.Debug|Any CPU.Build.0 = Debug|Any CPU
		{D6AEFD4D-B0FA-436A-A990-D993B462FDEB}.Release|Any CPU.ActiveCfg = Release|Any CPU
		{D6AEFD4D-B0FA-436A-A990-D993B462FDEB}.Release|Any CPU.Build.0 = Release|Any CPU
		{745B4AAE-F6C0-45D2-93AE-9247A8C4B1E8}.Debug|Any CPU.ActiveCfg = Debug|Any CPU
		{745B4AAE-F6C0-45D2-93AE-9247A8C4B1E8}.Debug|Any CPU.Build.0 = Debug|Any CPU
		{745B4AAE-F6C0-45D2-93AE-9247A8C4B1E8}.Release|Any CPU.ActiveCfg = Release|Any CPU
		{745B4AAE-F6C0-45D2-93AE-9247A8C4B1E8}.Release|Any CPU.Build.0 = Release|Any CPU
	EndGlobalSection
	GlobalSection(NestedProjects) = preSolution
		{CAEE77D3-DAA4-444D-BD2A-73BBBF992EB2} = {C24509E5-F4FD-4FBE-9C71-797641EFCABA}
		{90661D2A-EAE2-4087-B6E1-5B7A022EFC08} = {C24509E5-F4FD-4FBE-9C71-797641EFCABA}
		{D6AEFD4D-B0FA-436A-A990-D993B462FDEB} = {C24509E5-F4FD-4FBE-9C71-797641EFCABA}
		{745B4AAE-F6C0-45D2-93AE-9247A8C4B1E8} = {C24509E5-F4FD-4FBE-9C71-797641EFCABA}
	EndGlobalSection
EndGlobal
